
Microsoft Visual Studio Solution File, Format Version 12.00
# Visual Studio Version 16
VisualStudioVersion = 16.0.30114.105
MinimumVisualStudioVersion = 10.0.40219.1
Project("{FAE04EC0-301F-11D3-BF4B-00C04F79EFBC}") = "Lab_4", "Lab_4.csproj", "{DE110094-5702-4489-AF20-5650B32C54AA}"
EndProject
Global
	GlobalSection(SolutionConfigurationPlatforms) = preSolution
		Debug|Any CPU = Debug|Any CPU
		Release|Any CPU = Release|Any CPU
	EndGlobalSection
	GlobalSection(ProjectConfigurationPlatforms) = postSolution
		{DE110094-5702-4489-AF20-5650B32C54AA}.Debug|Any CPU.ActiveCfg = Debug|Any CPU
		{DE110094-5702-4489-AF20-5650B32C54AA}.Debug|Any CPU.Build.0 = Debug|Any CPU
		{DE110094-5702-4489-AF20-5650B32C54AA}.Release|Any CPU.ActiveCfg = Release|Any CPU
		{DE110094-5702-4489-AF20-5650B32C54AA}.Release|Any CPU.Build.0 = Release|Any CPU
	EndGlobalSection
	GlobalSection(SolutionProperties) = preSolution
		HideSolutionNode = FALSE
	EndGlobalSection
	GlobalSection(ExtensibilityGlobals) = postSolution
		SolutionGuid = {88529445-C1FF-41DE-BAAB-479C0C38530A}
	EndGlobalSection
EndGlobal
